// !$*UTF8*$!
{
	archiveVersion = 1;
	classes = {
	};
	objectVersion = 56;
	objects = {

/* Begin PBXBuildFile section */
		C16950E42DD44EF300C0819C /* Random_Dog_GalleryApp.swift in Sources */ = {isa = PBXBuildFile; fileRef = C16950E32DD44EF300C0819C /* Random_Dog_GalleryApp.swift */; };
		C16950EA2DD44EF400C0819C /* Assets.xcassets in Resources */ = {isa = PBXBuildFile; fileRef = C16950E92DD44EF400C0819C /* Assets.xcassets */; };
		C16950ED2DD44EF400C0819C /* Preview Assets.xcassets in Resources */ = {isa = PBXBuildFile; fileRef = C16950EC2DD44EF400C0819C /* Preview Assets.xcassets */; };
		C16950F72DD44EF400C0819C /* RandomDogGalleryTests.swift in Sources */ = {isa = PBXBuildFile; fileRef = C16950F62DD44EF400C0819C /* RandomDogGalleryTests.swift */; };
		C16951012DD44EF400C0819C /* Random_Dog_GalleryUITests.swift in Sources */ = {isa = PBXBuildFile; fileRef = C16951002DD44EF400C0819C /* Random_Dog_GalleryUITests.swift */; };
		C16951032DD44EF400C0819C /* Random_Dog_GalleryUITestsLaunchTests.swift in Sources */ = {isa = PBXBuildFile; fileRef = C16951022DD44EF400C0819C /* Random_Dog_GalleryUITestsLaunchTests.swift */; };
		C16951142DD4737D00C0819C /* DogImage.swift in Sources */ = {isa = PBXBuildFile; fileRef = C16951132DD4737D00C0819C /* DogImage.swift */; };
		C16951172DD485CF00C0819C /* StringExtensions.swift in Sources */ = {isa = PBXBuildFile; fileRef = C16951162DD485CF00C0819C /* StringExtensions.swift */; };
		C169511A2DD4873A00C0819C /* DogAPIServices.swift in Sources */ = {isa = PBXBuildFile; fileRef = C16951192DD4873A00C0819C /* DogAPIServices.swift */; };
		C1D7350A2DED96A3004EE477 /* DogImageViewModel.swift in Sources */ = {isa = PBXBuildFile; fileRef = C1D735092DED96A3004EE477 /* DogImageViewModel.swift */; };
		C1D7350C2DEDED1D004EE477 /* DogImageGridItemView.swift in Sources */ = {isa = PBXBuildFile; fileRef = C1D7350B2DEDED1D004EE477 /* DogImageGridItemView.swift */; };
		C1D7350E2DEDF478004EE477 /* DogImageGridView.swift in Sources */ = {isa = PBXBuildFile; fileRef = C1D7350D2DEDF478004EE477 /* DogImageGridView.swift */; };
		C1D735102DEEF129004EE477 /* ViewExtensions.swift in Sources */ = {isa = PBXBuildFile; fileRef = C1D7350F2DEEF129004EE477 /* ViewExtensions.swift */; };
		C1D735132DEEF772004EE477 /* DogImageDetailViewModel.swift in Sources */ = {isa = PBXBuildFile; fileRef = C1D735122DEEF772004EE477 /* DogImageDetailViewModel.swift */; };
		C1D735172DEEF7F1004EE477 /* DogImageDetailView.swift in Sources */ = {isa = PBXBuildFile; fileRef = C1D735162DEEF7F1004EE477 /* DogImageDetailView.swift */; };
		C1D735192DEF0279004EE477 /* DogImageListItemView.swift in Sources */ = {isa = PBXBuildFile; fileRef = C1D735182DEF0279004EE477 /* DogImageListItemView.swift */; };
		C1D7351F2DEF3127004EE477 /* Nimble in Frameworks */ = {isa = PBXBuildFile; productRef = C1D7351E2DEF3127004EE477 /* Nimble */; };
		C1D735222DEF3180004EE477 /* Quick in Frameworks */ = {isa = PBXBuildFile; productRef = C1D735212DEF3180004EE477 /* Quick */; };
		C1D735242DEF34D5004EE477 /* DogImageViewModelTests.swift in Sources */ = {isa = PBXBuildFile; fileRef = C1D735232DEF34D5004EE477 /* DogImageViewModelTests.swift */; };
		C1D735262DEF51EA004EE477 /* DogImageDetailViewModelTests.swift in Sources */ = {isa = PBXBuildFile; fileRef = C1D735252DEF51EA004EE477 /* DogImageDetailViewModelTests.swift */; };
		C1D735282DF6BE61004EE477 /* StringExtensionsTests.swift in Sources */ = {isa = PBXBuildFile; fileRef = C1D735272DF6BE61004EE477 /* StringExtensionsTests.swift */; };
/* End PBXBuildFile section */

/* Begin PBXContainerItemProxy section */
		C16950F32DD44EF400C0819C /* PBXContainerItemProxy */ = {
			isa = PBXContainerItemProxy;
			containerPortal = C16950D82DD44EF200C0819C /* Project object */;
			proxyType = 1;
			remoteGlobalIDString = C16950DF2DD44EF300C0819C;
			remoteInfo = "Random Dog Gallery";
		};
		C16950FD2DD44EF400C0819C /* PBXContainerItemProxy */ = {
			isa = PBXContainerItemProxy;
			containerPortal = C16950D82DD44EF200C0819C /* Project object */;
			proxyType = 1;
			remoteGlobalIDString = C16950DF2DD44EF300C0819C;
			remoteInfo = "Random Dog Gallery";
		};
/* End PBXContainerItemProxy section */

/* Begin PBXFileReference section */
		C16950E02DD44EF300C0819C /* Random Dog Gallery.app */ = {isa = PBXFileReference; explicitFileType = wrapper.application; includeInIndex = 0; path = "Random Dog Gallery.app"; sourceTree = BUILT_PRODUCTS_DIR; };
		C16950E32DD44EF300C0819C /* Random_Dog_GalleryApp.swift */ = {isa = PBXFileReference; lastKnownFileType = sourcecode.swift; path = Random_Dog_GalleryApp.swift; sourceTree = "<group>"; };
		C16950E92DD44EF400C0819C /* Assets.xcassets */ = {isa = PBXFileReference; lastKnownFileType = folder.assetcatalog; path = Assets.xcassets; sourceTree = "<group>"; };
		C16950EC2DD44EF400C0819C /* Preview Assets.xcassets */ = {isa = PBXFileReference; lastKnownFileType = folder.assetcatalog; path = "Preview Assets.xcassets"; sourceTree = "<group>"; };
		C16950F22DD44EF400C0819C /* Random Dog GalleryTests.xctest */ = {isa = PBXFileReference; explicitFileType = wrapper.cfbundle; includeInIndex = 0; path = "Random Dog GalleryTests.xctest"; sourceTree = BUILT_PRODUCTS_DIR; };
		C16950F62DD44EF400C0819C /* RandomDogGalleryTests.swift */ = {isa = PBXFileReference; lastKnownFileType = sourcecode.swift; path = RandomDogGalleryTests.swift; sourceTree = "<group>"; };
		C16950FC2DD44EF400C0819C /* Random Dog GalleryUITests.xctest */ = {isa = PBXFileReference; explicitFileType = wrapper.cfbundle; includeInIndex = 0; path = "Random Dog GalleryUITests.xctest"; sourceTree = BUILT_PRODUCTS_DIR; };
		C16951002DD44EF400C0819C /* Random_Dog_GalleryUITests.swift */ = {isa = PBXFileReference; lastKnownFileType = sourcecode.swift; path = Random_Dog_GalleryUITests.swift; sourceTree = "<group>"; };
		C16951022DD44EF400C0819C /* Random_Dog_GalleryUITestsLaunchTests.swift */ = {isa = PBXFileReference; lastKnownFileType = sourcecode.swift; path = Random_Dog_GalleryUITestsLaunchTests.swift; sourceTree = "<group>"; };
		C16951132DD4737D00C0819C /* DogImage.swift */ = {isa = PBXFileReference; lastKnownFileType = sourcecode.swift; path = DogImage.swift; sourceTree = "<group>"; };
		C16951162DD485CF00C0819C /* StringExtensions.swift */ = {isa = PBXFileReference; lastKnownFileType = sourcecode.swift; path = StringExtensions.swift; sourceTree = "<group>"; };
		C16951192DD4873A00C0819C /* DogAPIServices.swift */ = {isa = PBXFileReference; lastKnownFileType = sourcecode.swift; path = DogAPIServices.swift; sourceTree = "<group>"; };
		C1D735092DED96A3004EE477 /* DogImageViewModel.swift */ = {isa = PBXFileReference; lastKnownFileType = sourcecode.swift; path = DogImageViewModel.swift; sourceTree = "<group>"; };
		C1D7350B2DEDED1D004EE477 /* DogImageGridItemView.swift */ = {isa = PBXFileReference; lastKnownFileType = sourcecode.swift; path = DogImageGridItemView.swift; sourceTree = "<group>"; };
		C1D7350D2DEDF478004EE477 /* DogImageGridView.swift */ = {isa = PBXFileReference; lastKnownFileType = sourcecode.swift; path = DogImageGridView.swift; sourceTree = "<group>"; };
		C1D7350F2DEEF129004EE477 /* ViewExtensions.swift */ = {isa = PBXFileReference; lastKnownFileType = sourcecode.swift; path = ViewExtensions.swift; sourceTree = "<group>"; };
		C1D735122DEEF772004EE477 /* DogImageDetailViewModel.swift */ = {isa = PBXFileReference; lastKnownFileType = sourcecode.swift; path = DogImageDetailViewModel.swift; sourceTree = "<group>"; };
		C1D735162DEEF7F1004EE477 /* DogImageDetailView.swift */ = {isa = PBXFileReference; lastKnownFileType = sourcecode.swift; path = DogImageDetailView.swift; sourceTree = "<group>"; };
		C1D735182DEF0279004EE477 /* DogImageListItemView.swift */ = {isa = PBXFileReference; lastKnownFileType = sourcecode.swift; path = DogImageListItemView.swift; sourceTree = "<group>"; };
		C1D735232DEF34D5004EE477 /* DogImageViewModelTests.swift */ = {isa = PBXFileReference; lastKnownFileType = sourcecode.swift; path = DogImageViewModelTests.swift; sourceTree = "<group>"; };
		C1D735252DEF51EA004EE477 /* DogImageDetailViewModelTests.swift */ = {isa = PBXFileReference; lastKnownFileType = sourcecode.swift; path = DogImageDetailViewModelTests.swift; sourceTree = "<group>"; };
		C1D735272DF6BE61004EE477 /* StringExtensionsTests.swift */ = {isa = PBXFileReference; lastKnownFileType = sourcecode.swift; path = StringExtensionsTests.swift; sourceTree = "<group>"; };
/* End PBXFileReference section */

/* Begin PBXFrameworksBuildPhase section */
		C16950DD2DD44EF300C0819C /* Frameworks */ = {
			isa = PBXFrameworksBuildPhase;
			buildActionMask = 2147483647;
			files = (
			);
			runOnlyForDeploymentPostprocessing = 0;
		};
		C16950EF2DD44EF400C0819C /* Frameworks */ = {
			isa = PBXFrameworksBuildPhase;
			buildActionMask = 2147483647;
			files = (
				C1D735222DEF3180004EE477 /* Quick in Frameworks */,
				C1D7351F2DEF3127004EE477 /* Nimble in Frameworks */,
			);
			runOnlyForDeploymentPostprocessing = 0;
		};
		C16950F92DD44EF400C0819C /* Frameworks */ = {
			isa = PBXFrameworksBuildPhase;
			buildActionMask = 2147483647;
			files = (
			);
			runOnlyForDeploymentPostprocessing = 0;
		};
/* End PBXFrameworksBuildPhase section */

/* Begin PBXGroup section */
		C16950D72DD44EF200C0819C = {
			isa = PBXGroup;
			children = (
				C16950E22DD44EF300C0819C /* Random Dog Gallery */,
				C16950F52DD44EF400C0819C /* Random Dog GalleryTests */,
				C16950FF2DD44EF400C0819C /* Random Dog GalleryUITests */,
				C16950E12DD44EF300C0819C /* Products */,
				C1D7351D2DEF3127004EE477 /* Frameworks */,
			);
			sourceTree = "<group>";
		};
		C16950E12DD44EF300C0819C /* Products */ = {
			isa = PBXGroup;
			children = (
				C16950E02DD44EF300C0819C /* Random Dog Gallery.app */,
				C16950F22DD44EF400C0819C /* Random Dog GalleryTests.xctest */,
				C16950FC2DD44EF400C0819C /* Random Dog GalleryUITests.xctest */,
			);
			name = Products;
			sourceTree = "<group>";
		};
		C16950E22DD44EF300C0819C /* Random Dog Gallery */ = {
			isa = PBXGroup;
			children = (
				C16951152DD485A300C0819C /* Utils */,
				C169510F2DD45C2900C0819C /* Home */,
				C1D735112DEEF743004EE477 /* Details */,
				C16950E32DD44EF300C0819C /* Random_Dog_GalleryApp.swift */,
				C16950E92DD44EF400C0819C /* Assets.xcassets */,
				C16950EB2DD44EF400C0819C /* Preview Content */,
			);
			path = "Random Dog Gallery";
			sourceTree = "<group>";
		};
		C16950EB2DD44EF400C0819C /* Preview Content */ = {
			isa = PBXGroup;
			children = (
				C16950EC2DD44EF400C0819C /* Preview Assets.xcassets */,
			);
			path = "Preview Content";
			sourceTree = "<group>";
		};
		C16950F52DD44EF400C0819C /* Random Dog GalleryTests */ = {
			isa = PBXGroup;
			children = (
				C16950F62DD44EF400C0819C /* RandomDogGalleryTests.swift */,
				C1D735232DEF34D5004EE477 /* DogImageViewModelTests.swift */,
				C1D735252DEF51EA004EE477 /* DogImageDetailViewModelTests.swift */,
				C1D735272DF6BE61004EE477 /* StringExtensionsTests.swift */,
			);
			path = "Random Dog GalleryTests";
			sourceTree = "<group>";
		};
		C16950FF2DD44EF400C0819C /* Random Dog GalleryUITests */ = {
			isa = PBXGroup;
			children = (
				C16951002DD44EF400C0819C /* Random_Dog_GalleryUITests.swift */,
				C16951022DD44EF400C0819C /* Random_Dog_GalleryUITestsLaunchTests.swift */,
			);
			path = "Random Dog GalleryUITests";
			sourceTree = "<group>";
		};
		C169510F2DD45C2900C0819C /* Home */ = {
			isa = PBXGroup;
			children = (
				C16951182DD4870B00C0819C /* Services */,
				C16951102DD4726600C0819C /* Model */,
				C16951112DD4726F00C0819C /* View */,
				C16951122DD4728200C0819C /* ViewModel */,
			);
			path = Home;
			sourceTree = "<group>";
		};
		C16951102DD4726600C0819C /* Model */ = {
			isa = PBXGroup;
			children = (
				C16951132DD4737D00C0819C /* DogImage.swift */,
			);
			path = Model;
			sourceTree = "<group>";
		};
		C16951112DD4726F00C0819C /* View */ = {
			isa = PBXGroup;
			children = (
				C1D7350B2DEDED1D004EE477 /* DogImageGridItemView.swift */,
				C1D735182DEF0279004EE477 /* DogImageListItemView.swift */,
				C1D7350D2DEDF478004EE477 /* DogImageGridView.swift */,
			);
			path = View;
			sourceTree = "<group>";
		};
		C16951122DD4728200C0819C /* ViewModel */ = {
			isa = PBXGroup;
			children = (
				C1D735092DED96A3004EE477 /* DogImageViewModel.swift */,
			);
			path = ViewModel;
			sourceTree = "<group>";
		};
		C16951152DD485A300C0819C /* Utils */ = {
			isa = PBXGroup;
			children = (
				C16951162DD485CF00C0819C /* StringExtensions.swift */,
				C1D7350F2DEEF129004EE477 /* ViewExtensions.swift */,
			);
			path = Utils;
			sourceTree = "<group>";
		};
		C16951182DD4870B00C0819C /* Services */ = {
			isa = PBXGroup;
			children = (
				C16951192DD4873A00C0819C /* DogAPIServices.swift */,
			);
			path = Services;
			sourceTree = "<group>";
		};
		C1D735112DEEF743004EE477 /* Details */ = {
			isa = PBXGroup;
			children = (
				C1D735152DEEF7DD004EE477 /* View */,
				C1D735142DEEF779004EE477 /* ViewModel */,
			);
			path = Details;
			sourceTree = "<group>";
		};
		C1D735142DEEF779004EE477 /* ViewModel */ = {
			isa = PBXGroup;
			children = (
				C1D735122DEEF772004EE477 /* DogImageDetailViewModel.swift */,
			);
			path = ViewModel;
			sourceTree = "<group>";
		};
		C1D735152DEEF7DD004EE477 /* View */ = {
			isa = PBXGroup;
			children = (
				C1D735162DEEF7F1004EE477 /* DogImageDetailView.swift */,
			);
			path = View;
			sourceTree = "<group>";
		};
		C1D7351D2DEF3127004EE477 /* Frameworks */ = {
			isa = PBXGroup;
			children = (
			);
			name = Frameworks;
			sourceTree = "<group>";
		};
/* End PBXGroup section */

/* Begin PBXNativeTarget section */
		C16950DF2DD44EF300C0819C /* Random Dog Gallery */ = {
			isa = PBXNativeTarget;
			buildConfigurationList = C16951062DD44EF400C0819C /* Build configuration list for PBXNativeTarget "Random Dog Gallery" */;
			buildPhases = (
				C16950DC2DD44EF300C0819C /* Sources */,
				C16950DD2DD44EF300C0819C /* Frameworks */,
				C16950DE2DD44EF300C0819C /* Resources */,
			);
			buildRules = (
			);
			dependencies = (
			);
			name = "Random Dog Gallery";
			packageProductDependencies = (
			);
			productName = "Random Dog Gallery";
			productReference = C16950E02DD44EF300C0819C /* Random Dog Gallery.app */;
			productType = "com.apple.product-type.application";
		};
		C16950F12DD44EF400C0819C /* Random Dog GalleryTests */ = {
			isa = PBXNativeTarget;
			buildConfigurationList = C16951092DD44EF400C0819C /* Build configuration list for PBXNativeTarget "Random Dog GalleryTests" */;
			buildPhases = (
				C16950EE2DD44EF400C0819C /* Sources */,
				C16950EF2DD44EF400C0819C /* Frameworks */,
				C16950F02DD44EF400C0819C /* Resources */,
			);
			buildRules = (
			);
			dependencies = (
				C16950F42DD44EF400C0819C /* PBXTargetDependency */,
			);
			name = "Random Dog GalleryTests";
			packageProductDependencies = (
				C1D7351E2DEF3127004EE477 /* Nimble */,
				C1D735212DEF3180004EE477 /* Quick */,
			);
			productName = "Random Dog GalleryTests";
			productReference = C16950F22DD44EF400C0819C /* Random Dog GalleryTests.xctest */;
			productType = "com.apple.product-type.bundle.unit-test";
		};
		C16950FB2DD44EF400C0819C /* Random Dog GalleryUITests */ = {
			isa = PBXNativeTarget;
			buildConfigurationList = C169510C2DD44EF400C0819C /* Build configuration list for PBXNativeTarget "Random Dog GalleryUITests" */;
			buildPhases = (
				C16950F82DD44EF400C0819C /* Sources */,
				C16950F92DD44EF400C0819C /* Frameworks */,
				C16950FA2DD44EF400C0819C /* Resources */,
			);
			buildRules = (
			);
			dependencies = (
				C16950FE2DD44EF400C0819C /* PBXTargetDependency */,
			);
			name = "Random Dog GalleryUITests";
			productName = "Random Dog GalleryUITests";
			productReference = C16950FC2DD44EF400C0819C /* Random Dog GalleryUITests.xctest */;
			productType = "com.apple.product-type.bundle.ui-testing";
		};
/* End PBXNativeTarget section */

/* Begin PBXProject section */
		C16950D82DD44EF200C0819C /* Project object */ = {
			isa = PBXProject;
			attributes = {
				BuildIndependentTargetsInParallel = 1;
				LastSwiftUpdateCheck = 1510;
				LastUpgradeCheck = 1510;
				TargetAttributes = {
					C16950DF2DD44EF300C0819C = {
						CreatedOnToolsVersion = 15.1;
					};
					C16950F12DD44EF400C0819C = {
						CreatedOnToolsVersion = 15.1;
						TestTargetID = C16950DF2DD44EF300C0819C;
					};
					C16950FB2DD44EF400C0819C = {
						CreatedOnToolsVersion = 15.1;
						TestTargetID = C16950DF2DD44EF300C0819C;
					};
				};
			};
			buildConfigurationList = C16950DB2DD44EF200C0819C /* Build configuration list for PBXProject "Random Dog Gallery" */;
			compatibilityVersion = "Xcode 14.0";
			developmentRegion = en;
			hasScannedForEncodings = 0;
			knownRegions = (
				en,
				Base,
			);
			mainGroup = C16950D72DD44EF200C0819C;
			packageReferences = (
				C1D7351A2DEF30FB004EE477 /* XCRemoteSwiftPackageReference "Nimble" */,
				C1D735202DEF3180004EE477 /* XCRemoteSwiftPackageReference "Quick" */,
			);
			productRefGroup = C16950E12DD44EF300C0819C /* Products */;
			projectDirPath = "";
			projectRoot = "";
			targets = (
				C16950DF2DD44EF300C0819C /* Random Dog Gallery */,
				C16950F12DD44EF400C0819C /* Random Dog GalleryTests */,
				C16950FB2DD44EF400C0819C /* Random Dog GalleryUITests */,
			);
		};
/* End PBXProject section */

/* Begin PBXResourcesBuildPhase section */
		C16950DE2DD44EF300C0819C /* Resources */ = {
			isa = PBXResourcesBuildPhase;
			buildActionMask = 2147483647;
			files = (
				C16950ED2DD44EF400C0819C /* Preview Assets.xcassets in Resources */,
				C16950EA2DD44EF400C0819C /* Assets.xcassets in Resources */,
			);
			runOnlyForDeploymentPostprocessing = 0;
		};
		C16950F02DD44EF400C0819C /* Resources */ = {
			isa = PBXResourcesBuildPhase;
			buildActionMask = 2147483647;
			files = (
			);
			runOnlyForDeploymentPostprocessing = 0;
		};
		C16950FA2DD44EF400C0819C /* Resources */ = {
			isa = PBXResourcesBuildPhase;
			buildActionMask = 2147483647;
			files = (
			);
			runOnlyForDeploymentPostprocessing = 0;
		};
/* End PBXResourcesBuildPhase section */

/* Begin PBXSourcesBuildPhase section */
		C16950DC2DD44EF300C0819C /* Sources */ = {
			isa = PBXSourcesBuildPhase;
			buildActionMask = 2147483647;
			files = (
				C1D7350C2DEDED1D004EE477 /* DogImageGridItemView.swift in Sources */,
				C16951172DD485CF00C0819C /* StringExtensions.swift in Sources */,
				C1D735102DEEF129004EE477 /* ViewExtensions.swift in Sources */,
				C1D7350A2DED96A3004EE477 /* DogImageViewModel.swift in Sources */,
				C1D735172DEEF7F1004EE477 /* DogImageDetailView.swift in Sources */,
				C1D735192DEF0279004EE477 /* DogImageListItemView.swift in Sources */,
				C16951142DD4737D00C0819C /* DogImage.swift in Sources */,
				C1D735132DEEF772004EE477 /* DogImageDetailViewModel.swift in Sources */,
				C16950E42DD44EF300C0819C /* Random_Dog_GalleryApp.swift in Sources */,
				C169511A2DD4873A00C0819C /* DogAPIServices.swift in Sources */,
				C1D7350E2DEDF478004EE477 /* DogImageGridView.swift in Sources */,
			);
			runOnlyForDeploymentPostprocessing = 0;
		};
		C16950EE2DD44EF400C0819C /* Sources */ = {
			isa = PBXSourcesBuildPhase;
			buildActionMask = 2147483647;
			files = (
				C1D735282DF6BE61004EE477 /* StringExtensionsTests.swift in Sources */,
				C1D735262DEF51EA004EE477 /* DogImageDetailViewModelTests.swift in Sources */,
				C16950F72DD44EF400C0819C /* RandomDogGalleryTests.swift in Sources */,
				C1D735242DEF34D5004EE477 /* DogImageViewModelTests.swift in Sources */,
			);
			runOnlyForDeploymentPostprocessing = 0;
		};
		C16950F82DD44EF400C0819C /* Sources */ = {
			isa = PBXSourcesBuildPhase;
			buildActionMask = 2147483647;
			files = (
				C16951012DD44EF400C0819C /* Random_Dog_GalleryUITests.swift in Sources */,
				C16951032DD44EF400C0819C /* Random_Dog_GalleryUITestsLaunchTests.swift in Sources */,
			);
			runOnlyForDeploymentPostprocessing = 0;
		};
/* End PBXSourcesBuildPhase section */

/* Begin PBXTargetDependency section */
		C16950F42DD44EF400C0819C /* PBXTargetDependency */ = {
			isa = PBXTargetDependency;
			target = C16950DF2DD44EF300C0819C /* Random Dog Gallery */;
			targetProxy = C16950F32DD44EF400C0819C /* PBXContainerItemProxy */;
		};
		C16950FE2DD44EF400C0819C /* PBXTargetDependency */ = {
			isa = PBXTargetDependency;
			target = C16950DF2DD44EF300C0819C /* Random Dog Gallery */;
			targetProxy = C16950FD2DD44EF400C0819C /* PBXContainerItemProxy */;
		};
/* End PBXTargetDependency section */

/* Begin XCBuildConfiguration section */
		C16951042DD44EF400C0819C /* Debug */ = {
			isa = XCBuildConfiguration;
			buildSettings = {
				ALWAYS_SEARCH_USER_PATHS = NO;
				ASSETCATALOG_COMPILER_GENERATE_SWIFT_ASSET_SYMBOL_EXTENSIONS = YES;
				CLANG_ANALYZER_NONNULL = YES;
				CLANG_ANALYZER_NUMBER_OBJECT_CONVERSION = YES_AGGRESSIVE;
				CLANG_CXX_LANGUAGE_STANDARD = "gnu++20";
				CLANG_ENABLE_MODULES = YES;
				CLANG_ENABLE_OBJC_ARC = YES;
				CLANG_ENABLE_OBJC_WEAK = YES;
				CLANG_WARN_BLOCK_CAPTURE_AUTORELEASING = YES;
				CLANG_WARN_BOOL_CONVERSION = YES;
				CLANG_WARN_COMMA = YES;
				CLANG_WARN_CONSTANT_CONVERSION = YES;
				CLANG_WARN_DEPRECATED_OBJC_IMPLEMENTATIONS = YES;
				CLANG_WARN_DIRECT_OBJC_ISA_USAGE = YES_ERROR;
				CLANG_WARN_DOCUMENTATION_COMMENTS = YES;
				CLANG_WARN_EMPTY_BODY = YES;
				CLANG_WARN_ENUM_CONVERSION = YES;
				CLANG_WARN_INFINITE_RECURSION = YES;
				CLANG_WARN_INT_CONVERSION = YES;
				CLANG_WARN_NON_LITERAL_NULL_CONVERSION = YES;
				CLANG_WARN_OBJC_IMPLICIT_RETAIN_SELF = YES;
				CLANG_WARN_OBJC_LITERAL_CONVERSION = YES;
				CLANG_WARN_OBJC_ROOT_CLASS = YES_ERROR;
				CLANG_WARN_QUOTED_INCLUDE_IN_FRAMEWORK_HEADER = YES;
				CLANG_WARN_RANGE_LOOP_ANALYSIS = YES;
				CLANG_WARN_STRICT_PROTOTYPES = YES;
				CLANG_WARN_SUSPICIOUS_MOVE = YES;
				CLANG_WARN_UNGUARDED_AVAILABILITY = YES_AGGRESSIVE;
				CLANG_WARN_UNREACHABLE_CODE = YES;
				CLANG_WARN__DUPLICATE_METHOD_MATCH = YES;
				COPY_PHASE_STRIP = NO;
				DEBUG_INFORMATION_FORMAT = dwarf;
				ENABLE_STRICT_OBJC_MSGSEND = YES;
				ENABLE_TESTABILITY = YES;
				ENABLE_USER_SCRIPT_SANDBOXING = YES;
				GCC_C_LANGUAGE_STANDARD = gnu17;
				GCC_DYNAMIC_NO_PIC = NO;
				GCC_NO_COMMON_BLOCKS = YES;
				GCC_OPTIMIZATION_LEVEL = 0;
				GCC_PREPROCESSOR_DEFINITIONS = (
					"DEBUG=1",
					"$(inherited)",
				);
				GCC_WARN_64_TO_32_BIT_CONVERSION = YES;
				GCC_WARN_ABOUT_RETURN_TYPE = YES_ERROR;
				GCC_WARN_UNDECLARED_SELECTOR = YES;
				GCC_WARN_UNINITIALIZED_AUTOS = YES_AGGRESSIVE;
				GCC_WARN_UNUSED_FUNCTION = YES;
				GCC_WARN_UNUSED_VARIABLE = YES;
				IPHONEOS_DEPLOYMENT_TARGET = 17.2;
				LOCALIZATION_PREFERS_STRING_CATALOGS = YES;
				MTL_ENABLE_DEBUG_INFO = INCLUDE_SOURCE;
				MTL_FAST_MATH = YES;
				ONLY_ACTIVE_ARCH = YES;
				SDKROOT = iphoneos;
				SWIFT_ACTIVE_COMPILATION_CONDITIONS = "DEBUG $(inherited)";
				SWIFT_OPTIMIZATION_LEVEL = "-Onone";
			};
			name = Debug;
		};
		C16951052DD44EF400C0819C /* Release */ = {
			isa = XCBuildConfiguration;
			buildSettings = {
				ALWAYS_SEARCH_USER_PATHS = NO;
				ASSETCATALOG_COMPILER_GENERATE_SWIFT_ASSET_SYMBOL_EXTENSIONS = YES;
				CLANG_ANALYZER_NONNULL = YES;
				CLANG_ANALYZER_NUMBER_OBJECT_CONVERSION = YES_AGGRESSIVE;
				CLANG_CXX_LANGUAGE_STANDARD = "gnu++20";
				CLANG_ENABLE_MODULES = YES;
				CLANG_ENABLE_OBJC_ARC = YES;
				CLANG_ENABLE_OBJC_WEAK = YES;
				CLANG_WARN_BLOCK_CAPTURE_AUTORELEASING = YES;
				CLANG_WARN_BOOL_CONVERSION = YES;
				CLANG_WARN_COMMA = YES;
				CLANG_WARN_CONSTANT_CONVERSION = YES;
				CLANG_WARN_DEPRECATED_OBJC_IMPLEMENTATIONS = YES;
				CLANG_WARN_DIRECT_OBJC_ISA_USAGE = YES_ERROR;
				CLANG_WARN_DOCUMENTATION_COMMENTS = YES;
				CLANG_WARN_EMPTY_BODY = YES;
				CLANG_WARN_ENUM_CONVERSION = YES;
				CLANG_WARN_INFINITE_RECURSION = YES;
				CLANG_WARN_INT_CONVERSION = YES;
				CLANG_WARN_NON_LITERAL_NULL_CONVERSION = YES;
				CLANG_WARN_OBJC_IMPLICIT_RETAIN_SELF = YES;
				CLANG_WARN_OBJC_LITERAL_CONVERSION = YES;
				CLANG_WARN_OBJC_ROOT_CLASS = YES_ERROR;
				CLANG_WARN_QUOTED_INCLUDE_IN_FRAMEWORK_HEADER = YES;
				CLANG_WARN_RANGE_LOOP_ANALYSIS = YES;
				CLANG_WARN_STRICT_PROTOTYPES = YES;
				CLANG_WARN_SUSPICIOUS_MOVE = YES;
				CLANG_WARN_UNGUARDED_AVAILABILITY = YES_AGGRESSIVE;
				CLANG_WARN_UNREACHABLE_CODE = YES;
				CLANG_WARN__DUPLICATE_METHOD_MATCH = YES;
				COPY_PHASE_STRIP = NO;
				DEBUG_INFORMATION_FORMAT = "dwarf-with-dsym";
				ENABLE_NS_ASSERTIONS = NO;
				ENABLE_STRICT_OBJC_MSGSEND = YES;
				ENABLE_USER_SCRIPT_SANDBOXING = YES;
				GCC_C_LANGUAGE_STANDARD = gnu17;
				GCC_NO_COMMON_BLOCKS = YES;
				GCC_WARN_64_TO_32_BIT_CONVERSION = YES;
				GCC_WARN_ABOUT_RETURN_TYPE = YES_ERROR;
				GCC_WARN_UNDECLARED_SELECTOR = YES;
				GCC_WARN_UNINITIALIZED_AUTOS = YES_AGGRESSIVE;
				GCC_WARN_UNUSED_FUNCTION = YES;
				GCC_WARN_UNUSED_VARIABLE = YES;
				IPHONEOS_DEPLOYMENT_TARGET = 17.2;
				LOCALIZATION_PREFERS_STRING_CATALOGS = YES;
				MTL_ENABLE_DEBUG_INFO = NO;
				MTL_FAST_MATH = YES;
				SDKROOT = iphoneos;
				SWIFT_COMPILATION_MODE = wholemodule;
				VALIDATE_PRODUCT = YES;
			};
			name = Release;
		};
		C16951072DD44EF400C0819C /* Debug */ = {
			isa = XCBuildConfiguration;
			buildSettings = {
				ASSETCATALOG_COMPILER_APPICON_NAME = AppIcon;
				ASSETCATALOG_COMPILER_GLOBAL_ACCENT_COLOR_NAME = AccentColor;
				CODE_SIGN_STYLE = Automatic;
				CURRENT_PROJECT_VERSION = 1;
				DEVELOPMENT_ASSET_PATHS = "\"Random Dog Gallery/Preview Content\"";
				ENABLE_PREVIEWS = YES;
				GENERATE_INFOPLIST_FILE = YES;
				INFOPLIST_KEY_UIApplicationSceneManifest_Generation = YES;
				INFOPLIST_KEY_UIApplicationSupportsIndirectInputEvents = YES;
				INFOPLIST_KEY_UILaunchScreen_Generation = YES;
				INFOPLIST_KEY_UISupportedInterfaceOrientations_iPad = "UIInterfaceOrientationPortrait UIInterfaceOrientationPortraitUpsideDown UIInterfaceOrientationLandscapeLeft UIInterfaceOrientationLandscapeRight";
				INFOPLIST_KEY_UISupportedInterfaceOrientations_iPhone = "UIInterfaceOrientationPortrait UIInterfaceOrientationLandscapeLeft UIInterfaceOrientationLandscapeRight";
				LD_RUNPATH_SEARCH_PATHS = (
					"$(inherited)",
					"@executable_path/Frameworks",
				);
				MARKETING_VERSION = 1.0;
				PRODUCT_BUNDLE_IDENTIFIER = "com.example.alwi.Random-Dog-Gallery";
				PRODUCT_NAME = "$(TARGET_NAME)";
				SWIFT_EMIT_LOC_STRINGS = YES;
				SWIFT_VERSION = 5.0;
				TARGETED_DEVICE_FAMILY = "1,2";
			};
			name = Debug;
		};
		C16951082DD44EF400C0819C /* Release */ = {
			isa = XCBuildConfiguration;
			buildSettings = {
				ASSETCATALOG_COMPILER_APPICON_NAME = AppIcon;
				ASSETCATALOG_COMPILER_GLOBAL_ACCENT_COLOR_NAME = AccentColor;
				CODE_SIGN_STYLE = Automatic;
				CURRENT_PROJECT_VERSION = 1;
				DEVELOPMENT_ASSET_PATHS = "\"Random Dog Gallery/Preview Content\"";
				ENABLE_PREVIEWS = YES;
				GENERATE_INFOPLIST_FILE = YES;
				INFOPLIST_KEY_UIApplicationSceneManifest_Generation = YES;
				INFOPLIST_KEY_UIApplicationSupportsIndirectInputEvents = YES;
				INFOPLIST_KEY_UILaunchScreen_Generation = YES;
				INFOPLIST_KEY_UISupportedInterfaceOrientations_iPad = "UIInterfaceOrientationPortrait UIInterfaceOrientationPortraitUpsideDown UIInterfaceOrientationLandscapeLeft UIInterfaceOrientationLandscapeRight";
				INFOPLIST_KEY_UISupportedInterfaceOrientations_iPhone = "UIInterfaceOrientationPortrait UIInterfaceOrientationLandscapeLeft UIInterfaceOrientationLandscapeRight";
				LD_RUNPATH_SEARCH_PATHS = (
					"$(inherited)",
					"@executable_path/Frameworks",
				);
				MARKETING_VERSION = 1.0;
				PRODUCT_BUNDLE_IDENTIFIER = "com.example.alwi.Random-Dog-Gallery";
				PRODUCT_NAME = "$(TARGET_NAME)";
				SWIFT_EMIT_LOC_STRINGS = YES;
				SWIFT_VERSION = 5.0;
				TARGETED_DEVICE_FAMILY = "1,2";
			};
			name = Release;
		};
		C169510A2DD44EF400C0819C /* Debug */ = {
			isa = XCBuildConfiguration;
			buildSettings = {
				ALWAYS_EMBED_SWIFT_STANDARD_LIBRARIES = YES;
				BUNDLE_LOADER = "$(TEST_HOST)";
				CODE_SIGN_STYLE = Automatic;
				CURRENT_PROJECT_VERSION = 1;
				GENERATE_INFOPLIST_FILE = YES;
				IPHONEOS_DEPLOYMENT_TARGET = 17.2;
				MARKETING_VERSION = 1.0;
				PRODUCT_BUNDLE_IDENTIFIER = "com.example.alwi.Random-Dog-GalleryTests";
				PRODUCT_NAME = "$(TARGET_NAME)";
				SWIFT_EMIT_LOC_STRINGS = NO;
				SWIFT_VERSION = 5.0;
				TARGETED_DEVICE_FAMILY = "1,2";
				TEST_HOST = "$(BUILT_PRODUCTS_DIR)/Random Dog Gallery.app/$(BUNDLE_EXECUTABLE_FOLDER_PATH)/Random Dog Gallery";
			};
			name = Debug;
		};
		C169510B2DD44EF400C0819C /* Release */ = {
			isa = XCBuildConfiguration;
			buildSettings = {
				ALWAYS_EMBED_SWIFT_STANDARD_LIBRARIES = YES;
				BUNDLE_LOADER = "$(TEST_HOST)";
				CODE_SIGN_STYLE = Automatic;
				CURRENT_PROJECT_VERSION = 1;
				GENERATE_INFOPLIST_FILE = YES;
				IPHONEOS_DEPLOYMENT_TARGET = 17.2;
				MARKETING_VERSION = 1.0;
				PRODUCT_BUNDLE_IDENTIFIER = "com.example.alwi.Random-Dog-GalleryTests";
				PRODUCT_NAME = "$(TARGET_NAME)";
				SWIFT_EMIT_LOC_STRINGS = NO;
				SWIFT_VERSION = 5.0;
				TARGETED_DEVICE_FAMILY = "1,2";
				TEST_HOST = "$(BUILT_PRODUCTS_DIR)/Random Dog Gallery.app/$(BUNDLE_EXECUTABLE_FOLDER_PATH)/Random Dog Gallery";
			};
			name = Release;
		};
		C169510D2DD44EF400C0819C /* Debug */ = {
			isa = XCBuildConfiguration;
			buildSettings = {
				ALWAYS_EMBED_SWIFT_STANDARD_LIBRARIES = YES;
				CODE_SIGN_STYLE = Automatic;
				CURRENT_PROJECT_VERSION = 1;
				GENERATE_INFOPLIST_FILE = YES;
				MARKETING_VERSION = 1.0;
				PRODUCT_BUNDLE_IDENTIFIER = "com.example.alwi.Random-Dog-GalleryUITests";
				PRODUCT_NAME = "$(TARGET_NAME)";
				SWIFT_EMIT_LOC_STRINGS = NO;
				SWIFT_VERSION = 5.0;
				TARGETED_DEVICE_FAMILY = "1,2";
				TEST_TARGET_NAME = "Random Dog Gallery";
			};
			name = Debug;
		};
		C169510E2DD44EF400C0819C /* Release */ = {
			isa = XCBuildConfiguration;
			buildSettings = {
				ALWAYS_EMBED_SWIFT_STANDARD_LIBRARIES = YES;
				CODE_SIGN_STYLE = Automatic;
				CURRENT_PROJECT_VERSION = 1;
				GENERATE_INFOPLIST_FILE = YES;
				MARKETING_VERSION = 1.0;
				PRODUCT_BUNDLE_IDENTIFIER = "com.example.alwi.Random-Dog-GalleryUITests";
				PRODUCT_NAME = "$(TARGET_NAME)";
				SWIFT_EMIT_LOC_STRINGS = NO;
				SWIFT_VERSION = 5.0;
				TARGETED_DEVICE_FAMILY = "1,2";
				TEST_TARGET_NAME = "Random Dog Gallery";
			};
			name = Release;
		};
/* End XCBuildConfiguration section */

/* Begin XCConfigurationList section */
		C16950DB2DD44EF200C0819C /* Build configuration list for PBXProject "Random Dog Gallery" */ = {
			isa = XCConfigurationList;
			buildConfigurations = (
				C16951042DD44EF400C0819C /* Debug */,
				C16951052DD44EF400C0819C /* Release */,
			);
			defaultConfigurationIsVisible = 0;
			defaultConfigurationName = Release;
		};
		C16951062DD44EF400C0819C /* Build configuration list for PBXNativeTarget "Random Dog Gallery" */ = {
			isa = XCConfigurationList;
			buildConfigurations = (
				C16951072DD44EF400C0819C /* Debug */,
				C16951082DD44EF400C0819C /* Release */,
			);
			defaultConfigurationIsVisible = 0;
			defaultConfigurationName = Release;
		};
		C16951092DD44EF400C0819C /* Build configuration list for PBXNativeTarget "Random Dog GalleryTests" */ = {
			isa = XCConfigurationList;
			buildConfigurations = (
				C169510A2DD44EF400C0819C /* Debug */,
				C169510B2DD44EF400C0819C /* Release */,
			);
			defaultConfigurationIsVisible = 0;
			defaultConfigurationName = Release;
		};
		C169510C2DD44EF400C0819C /* Build configuration list for PBXNativeTarget "Random Dog GalleryUITests" */ = {
			isa = XCConfigurationList;
			buildConfigurations = (
				C169510D2DD44EF400C0819C /* Debug */,
				C169510E2DD44EF400C0819C /* Release */,
			);
			defaultConfigurationIsVisible = 0;
			defaultConfigurationName = Release;
		};
/* End XCConfigurationList section */

/* Begin XCRemoteSwiftPackageReference section */
		C1D7351A2DEF30FB004EE477 /* XCRemoteSwiftPackageReference "Nimble" */ = {
			isa = XCRemoteSwiftPackageReference;
			repositoryURL = "https://github.com/Quick/Nimble.git";
			requirement = {
				kind = upToNextMajorVersion;
				minimumVersion = 12.0.0;
			};
		};
		C1D735202DEF3180004EE477 /* XCRemoteSwiftPackageReference "Quick" */ = {
			isa = XCRemoteSwiftPackageReference;
			repositoryURL = "https://github.com/Quick/Quick.git";
			requirement = {
				kind = upToNextMinorVersion;
				minimumVersion = 7.0.0;
			};
		};
/* End XCRemoteSwiftPackageReference section */

/* Begin XCSwiftPackageProductDependency section */
		C1D7351E2DEF3127004EE477 /* Nimble */ = {
			isa = XCSwiftPackageProductDependency;
			package = C1D7351A2DEF30FB004EE477 /* XCRemoteSwiftPackageReference "Nimble" */;
			productName = Nimble;
		};
		C1D735212DEF3180004EE477 /* Quick */ = {
			isa = XCSwiftPackageProductDependency;
			package = C1D735202DEF3180004EE477 /* XCRemoteSwiftPackageReference "Quick" */;
			productName = Quick;
		};
/* End XCSwiftPackageProductDependency section */
	};
	rootObject = C16950D82DD44EF200C0819C /* Project object */;
}
